
Microsoft Visual Studio Solution File, Format Version 12.00
# Visual Studio 15
VisualStudioVersion = 15.0.27004.2005
MinimumVisualStudioVersion = 10.0.40219.1
Project("{FAE04EC0-301F-11D3-BF4B-00C04F79EFBC}") = "WMIT.Framework.BLL", "WMIT.Framework.BLL\WMIT.Framework.BLL.csproj", "{2796AE35-ADB6-42AA-8DB5-DD234B7BADCA}"
EndProject
Project("{FAE04EC0-301F-11D3-BF4B-00C04F79EFBC}") = "WMIT.Framework.DAL", "WMIT.Framework.DAL\WMIT.Framework.DAL.csproj", "{C91EC820-0AEF-44AE-B974-671906B67B1A}"
EndProject
Project("{FAE04EC0-301F-11D3-BF4B-00C04F79EFBC}") = "WMIT.Framework.Utilitarios", "WMIT.Framework.Utilitarios\WMIT.Framework.Utilitarios.csproj", "{D596BBB7-CA73-469D-8A66-F4C082B4A93C}"
EndProject
Project("{FAE04EC0-301F-11D3-BF4B-00C04F79EFBC}") = "WMIT.Framework.VO", "WMIT.Framework.VO\WMIT.Framework.VO.csproj", "{9B3433D6-E850-4C39-A235-9018ACBB885D}"
EndProject
Project("{2150E333-8FDC-42A3-9474-1A3956D46DE8}") = "Test Application", "Test Application", "{65CA93B9-6E71-4D9B-BBFB-671B164A6B50}"
EndProject
Project("{FAE04EC0-301F-11D3-BF4B-00C04F79EFBC}") = "WMIT.Framework.Test.Console", "WMIT.Framework.Test.Console\WMIT.Framework.Test.Console.csproj", "{CB40403B-6489-4CAD-96CA-7D8248A8FC51}"
	ProjectSection(ProjectDependencies) = postProject
		{538A9562-83F3-4DFB-A6C8-8EB3C00F9B70} = {538A9562-83F3-4DFB-A6C8-8EB3C00F9B70}
		{CBDADF71-3652-4F69-B4D2-6E5209850334} = {CBDADF71-3652-4F69-B4D2-6E5209850334}
		{18BF548C-0DBF-467C-B7D5-5C859234E6FC} = {18BF548C-0DBF-467C-B7D5-5C859234E6FC}
	EndProjectSection
EndProject
Project("{FAE04EC0-301F-11D3-BF4B-00C04F79EFBC}") = "WMIT.Framework.Test.DAL", "WMIT.Framework.Test.DAL\WMIT.Framework.Test.DAL.csproj", "{CBDADF71-3652-4F69-B4D2-6E5209850334}"
	ProjectSection(ProjectDependencies) = postProject
		{18BF548C-0DBF-467C-B7D5-5C859234E6FC} = {18BF548C-0DBF-467C-B7D5-5C859234E6FC}
	EndProjectSection
EndProject
Project("{FAE04EC0-301F-11D3-BF4B-00C04F79EFBC}") = "WMIT.Framework.Test.VO", "WMIT.Framework.Test.VO\WMIT.Framework.Test.VO.csproj", "{18BF548C-0DBF-467C-B7D5-5C859234E6FC}"
EndProject
Project("{FAE04EC0-301F-11D3-BF4B-00C04F79EFBC}") = "WMIT.Framework.Test.BLL", "WMIT.Framework.Test.BLL\WMIT.Framework.Test.BLL.csproj", "{538A9562-83F3-4DFB-A6C8-8EB3C00F9B70}"
EndProject
Project("{FAE04EC0-301F-11D3-BF4B-00C04F79EFBC}") = "WMIT.Framework.Test.Model", "WMIT.Framework.Test.Model\WMIT.Framework.Test.Model.csproj", "{BF59C5F1-8E2E-4FFC-A59A-568AD9B7D6FC}"
EndProject
Project("{FAE04EC0-301F-11D3-BF4B-00C04F79EFBC}") = "WMIT.Framework.Test.Repository", "WMIT.Framework.Test.Repository\WMIT.Framework.Test.Repository.csproj", "{4F3F4407-EE1F-4A1D-AA7B-893FAF0135CE}"
EndProject
Global
	GlobalSection(SolutionConfigurationPlatforms) = preSolution
		Debug|Any CPU = Debug|Any CPU
		Release|Any CPU = Release|Any CPU
	EndGlobalSection
	GlobalSection(ProjectConfigurationPlatforms) = postSolution
		{2796AE35-ADB6-42AA-8DB5-DD234B7BADCA}.Debug|Any CPU.ActiveCfg = Debug|Any CPU
		{2796AE35-ADB6-42AA-8DB5-DD234B7BADCA}.Debug|Any CPU.Build.0 = Debug|Any CPU
		{2796AE35-ADB6-42AA-8DB5-DD234B7BADCA}.Release|Any CPU.ActiveCfg = Release|Any CPU
		{2796AE35-ADB6-42AA-8DB5-DD234B7BADCA}.Release|Any CPU.Build.0 = Release|Any CPU
		{C91EC820-0AEF-44AE-B974-671906B67B1A}.Debug|Any CPU.ActiveCfg = Debug|Any CPU
		{C91EC820-0AEF-44AE-B974-671906B67B1A}.Debug|Any CPU.Build.0 = Debug|Any CPU
		{C91EC820-0AEF-44AE-B974-671906B67B1A}.Release|Any CPU.ActiveCfg = Release|Any CPU
		{C91EC820-0AEF-44AE-B974-671906B67B1A}.Release|Any CPU.Build.0 = Release|Any CPU
		{D596BBB7-CA73-469D-8A66-F4C082B4A93C}.Debug|Any CPU.ActiveCfg = Debug|Any CPU
		{D596BBB7-CA73-469D-8A66-F4C082B4A93C}.Debug|Any CPU.Build.0 = Debug|Any CPU
		{D596BBB7-CA73-469D-8A66-F4C082B4A93C}.Release|Any CPU.ActiveCfg = Release|Any CPU
		{D596BBB7-CA73-469D-8A66-F4C082B4A93C}.Release|Any CPU.Build.0 = Release|Any CPU
		{9B3433D6-E850-4C39-A235-9018ACBB885D}.Debug|Any CPU.ActiveCfg = Debug|Any CPU
		{9B3433D6-E850-4C39-A235-9018ACBB885D}.Debug|Any CPU.Build.0 = Debug|Any CPU
		{9B3433D6-E850-4C39-A235-9018ACBB885D}.Release|Any CPU.ActiveCfg = Release|Any CPU
		{9B3433D6-E850-4C39-A235-9018ACBB885D}.Release|Any CPU.Build.0 = Release|Any CPU
		{CB40403B-6489-4CAD-96CA-7D8248A8FC51}.Debug|Any CPU.ActiveCfg = Debug|Any CPU
		{CB40403B-6489-4CAD-96CA-7D8248A8FC51}.Debug|Any CPU.Build.0 = Debug|Any CPU
		{CB40403B-6489-4CAD-96CA-7D8248A8FC51}.Release|Any CPU.ActiveCfg = Release|Any CPU
		{CB40403B-6489-4CAD-96CA-7D8248A8FC51}.Release|Any CPU.Build.0 = Release|Any CPU
		{CBDADF71-3652-4F69-B4D2-6E5209850334}.Debug|Any CPU.ActiveCfg = Debug|Any CPU
		{CBDADF71-3652-4F69-B4D2-6E5209850334}.Debug|Any CPU.Build.0 = Debug|Any CPU
		{CBDADF71-3652-4F69-B4D2-6E5209850334}.Release|Any CPU.ActiveCfg = Release|Any CPU
		{CBDADF71-3652-4F69-B4D2-6E5209850334}.Release|Any CPU.Build.0 = Release|Any CPU
		{18BF548C-0DBF-467C-B7D5-5C859234E6FC}.Debug|Any CPU.ActiveCfg = Debug|Any CPU
		{18BF548C-0DBF-467C-B7D5-5C859234E6FC}.Debug|Any CPU.Build.0 = Debug|Any CPU
		{18BF548C-0DBF-467C-B7D5-5C859234E6FC}.Release|Any CPU.ActiveCfg = Release|Any CPU
		{18BF548C-0DBF-467C-B7D5-5C859234E6FC}.Release|Any CPU.Build.0 = Release|Any CPU
		{538A9562-83F3-4DFB-A6C8-8EB3C00F9B70}.Debug|Any CPU.ActiveCfg = Debug|Any CPU
		{538A9562-83F3-4DFB-A6C8-8EB3C00F9B70}.Debug|Any CPU.Build.0 = Debug|Any CPU
		{538A9562-83F3-4DFB-A6C8-8EB3C00F9B70}.Release|Any CPU.ActiveCfg = Release|Any CPU
		{538A9562-83F3-4DFB-A6C8-8EB3C00F9B70}.Release|Any CPU.Build.0 = Release|Any CPU
		{BF59C5F1-8E2E-4FFC-A59A-568AD9B7D6FC}.Debug|Any CPU.ActiveCfg = Debug|Any CPU
		{BF59C5F1-8E2E-4FFC-A59A-568AD9B7D6FC}.Debug|Any CPU.Build.0 = Debug|Any CPU
		{BF59C5F1-8E2E-4FFC-A59A-568AD9B7D6FC}.Release|Any CPU.ActiveCfg = Release|Any CPU
		{BF59C5F1-8E2E-4FFC-A59A-568AD9B7D6FC}.Release|Any CPU.Build.0 = Release|Any CPU
		{4F3F4407-EE1F-4A1D-AA7B-893FAF0135CE}.Debug|Any CPU.ActiveCfg = Debug|Any CPU
		{4F3F4407-EE1F-4A1D-AA7B-893FAF0135CE}.Debug|Any CPU.Build.0 = Debug|Any CPU
		{4F3F4407-EE1F-4A1D-AA7B-893FAF0135CE}.Release|Any CPU.ActiveCfg = Release|Any CPU
		{4F3F4407-EE1F-4A1D-AA7B-893FAF0135CE}.Release|Any CPU.Build.0 = Release|Any CPU
	EndGlobalSection
	GlobalSection(SolutionProperties) = preSolution
		HideSolutionNode = FALSE
	EndGlobalSection
	GlobalSection(NestedProjects) = preSolution
		{CB40403B-6489-4CAD-96CA-7D8248A8FC51} = {65CA93B9-6E71-4D9B-BBFB-671B164A6B50}
		{CBDADF71-3652-4F69-B4D2-6E5209850334} = {65CA93B9-6E71-4D9B-BBFB-671B164A6B50}
		{18BF548C-0DBF-467C-B7D5-5C859234E6FC} = {65CA93B9-6E71-4D9B-BBFB-671B164A6B50}
		{538A9562-83F3-4DFB-A6C8-8EB3C00F9B70} = {65CA93B9-6E71-4D9B-BBFB-671B164A6B50}
		{BF59C5F1-8E2E-4FFC-A59A-568AD9B7D6FC} = {65CA93B9-6E71-4D9B-BBFB-671B164A6B50}
		{4F3F4407-EE1F-4A1D-AA7B-893FAF0135CE} = {65CA93B9-6E71-4D9B-BBFB-671B164A6B50}
	EndGlobalSection
	GlobalSection(ExtensibilityGlobals) = postSolution
		SolutionGuid = {D81077A3-5E06-427E-AFF0-AC12E89BFCFC}
	EndGlobalSection
EndGlobal
